
Microsoft Visual Studio Solution File, Format Version 12.00
# Visual Studio Version 16
VisualStudioVersion = 16.0.32510.428
MinimumVisualStudioVersion = 10.0.40219.1
Project("{8BC9CEB8-8B4A-11D0-8D11-00A0C91BC942}") = "ООП3", "ООП3\ООП3.vcxproj", "{7AF4764F-37CB-4F0F-8E2C-CBF4D7D2BF78}"
EndProject
Global
	GlobalSection(SolutionConfigurationPlatforms) = preSolution
		Debug|x64 = Debug|x64
		Debug|x86 = Debug|x86
		Release|x64 = Release|x64
		Release|x86 = Release|x86
	EndGlobalSection
	GlobalSection(ProjectConfigurationPlatforms) = postSolution
		{7AF4764F-37CB-4F0F-8E2C-CBF4D7D2BF78}.Debug|x64.ActiveCfg = Debug|x64
		{7AF4764F-37CB-4F0F-8E2C-CBF4D7D2BF78}.Debug|x64.Build.0 = Debug|x64
		{7AF4764F-37CB-4F0F-8E2C-CBF4D7D2BF78}.Debug|x86.ActiveCfg = Debug|Win32
		{7AF4764F-37CB-4F0F-8E2C-CBF4D7D2BF78}.Debug|x86.Build.0 = Debug|Win32
		{7AF4764F-37CB-4F0F-8E2C-CBF4D7D2BF78}.Release|x64.ActiveCfg = Release|x64
		{7AF4764F-37CB-4F0F-8E2C-CBF4D7D2BF78}.Release|x64.Build.0 = Release|x64
		{7AF4764F-37CB-4F0F-8E2C-CBF4D7D2BF78}.Release|x86.ActiveCfg = Release|Win32
		{7AF4764F-37CB-4F0F-8E2C-CBF4D7D2BF78}.Release|x86.Build.0 = Release|Win32
	EndGlobalSection
	GlobalSection(SolutionProperties) = preSolution
		HideSolutionNode = FALSE
	EndGlobalSection
	GlobalSection(ExtensibilityGlobals) = postSolution
		SolutionGuid = {7BFB9C2C-A83E-446D-BB32-DB526388BEAB}
	EndGlobalSection
EndGlobal
